# This file is generated by running "yarn install" inside your project.
# Manual changes might be lost - proceed with caution!

__metadata:
  version: 6

"changesets-testing@workspace:.":
  version: 0.0.0-use.local
  resolution: "changesets-testing@workspace:."
  languageName: unknown
  linkType: soft

"package-a@workspace:*, package-a@workspace:packages/package-a":
  version: 0.0.0-use.local
  resolution: "package-a@workspace:packages/package-a"
  languageName: unknown
  linkType: soft

"package-b@workspace:packages/package-b":
  version: 0.0.0-use.local
  resolution: "package-b@workspace:packages/package-b"
  dependencies:
    package-a: "workspace:*"
  languageName: unknown
  linkType: soft
